{
  "name": "kgx",
  "version": "1.0.0",
  "lockfileVersion": 3,
  "requires": true,
  "packages": {
    "": {
      "name": "kgx",
      "version": "1.0.0",
      "license": "ISC",
      "dependencies": {
        "oxigraph": "^0.5.2"
      }
    },
    "node_modules/oxigraph": {
      "version": "0.5.2",
      "resolved": "https://registry.npmjs.org/oxigraph/-/oxigraph-0.5.2.tgz",
      "integrity": "sha512-MWflvCpWjJ0sPf0g9fvi9axSyug6EwbsISRX7v9p0XlTUUfdsKw01dydLSGC9ppgfyuxo4keyB4sfMciKYn14Q==",
      "license": "MIT OR Apache-2.0"
    }
  }
}
